// !$*UTF8*$!
{
	archiveVersion = 1;
	classes = {
	};
	objectVersion = 48;
	objects = {

/* Begin PBXBuildFile section */
		1430AEF6208878020012BBC7 /* AppDelegate.m in Sources */ = {isa = PBXBuildFile; fileRef = 1430AEF5208878020012BBC7 /* AppDelegate.m */; };
		1430AEF9208878020012BBC7 /* ViewController.m in Sources */ = {isa = PBXBuildFile; fileRef = 1430AEF8208878020012BBC7 /* ViewController.m */; };
		1430AEFE208878020012BBC7 /* Assets.xcassets in Resources */ = {isa = PBXBuildFile; fileRef = 1430AEFD208878020012BBC7 /* Assets.xcassets */; };
		1430AF04208878020012BBC7 /* main.m in Sources */ = {isa = PBXBuildFile; fileRef = 1430AF03208878020012BBC7 /* main.m */; };
		1430AF49208878340012BBC7 /* IXColor.m in Sources */ = {isa = PBXBuildFile; fileRef = 1430AF0D208878340012BBC7 /* IXColor.m */; };
		1430AF4A208878340012BBC7 /* IXDeallocBlockExecutor.m in Sources */ = {isa = PBXBuildFile; fileRef = 1430AF0F208878340012BBC7 /* IXDeallocBlockExecutor.m */; };
		1430AF4B208878340012BBC7 /* IXHookUtility.m in Sources */ = {isa = PBXBuildFile; fileRef = 1430AF11208878340012BBC7 /* IXHookUtility.m */; };
		1430AF4C208878340012BBC7 /* IXImage.m in Sources */ = {isa = PBXBuildFile; fileRef = 1430AF13208878340012BBC7 /* IXImage.m */; };
		1430AF4D208878340012BBC7 /* NSObject+Color.m in Sources */ = {isa = PBXBuildFile; fileRef = 1430AF15208878340012BBC7 /* NSObject+Color.m */; };
		1430AF4F208878340012BBC7 /* CAGradientLayer+Color.m in Sources */ = {isa = PBXBuildFile; fileRef = 1430AF1B208878340012BBC7 /* CAGradientLayer+Color.m */; };
		1430AF50208878340012BBC7 /* CALayer+Color.m in Sources */ = {isa = PBXBuildFile; fileRef = 1430AF1D208878340012BBC7 /* CALayer+Color.m */; };
		1430AF51208878340012BBC7 /* CAShapeLayer+Color.m in Sources */ = {isa = PBXBuildFile; fileRef = 1430AF1F208878340012BBC7 /* CAShapeLayer+Color.m */; };
		1430AF52208878340012BBC7 /* CATextLayer+Color.m in Sources */ = {isa = PBXBuildFile; fileRef = 1430AF21208878340012BBC7 /* CATextLayer+Color.m */; };
		1430AF53208878340012BBC7 /* UIBarItem+Color.m in Sources */ = {isa = PBXBuildFile; fileRef = 1430AF24208878340012BBC7 /* UIBarItem+Color.m */; };
		1430AF54208878340012BBC7 /* UIButton+Color.m in Sources */ = {isa = PBXBuildFile; fileRef = 1430AF26208878340012BBC7 /* UIButton+Color.m */; };
		1430AF55208878340012BBC7 /* UIControl+Color.m in Sources */ = {isa = PBXBuildFile; fileRef = 1430AF28208878340012BBC7 /* UIControl+Color.m */; };
		1430AF56208878340012BBC7 /* UIImageView+Color.m in Sources */ = {isa = PBXBuildFile; fileRef = 1430AF2A208878340012BBC7 /* UIImageView+Color.m */; };
		1430AF57208878340012BBC7 /* UILabel+Color.m in Sources */ = {isa = PBXBuildFile; fileRef = 1430AF2C208878340012BBC7 /* UILabel+Color.m */; };
		1430AF58208878340012BBC7 /* UINavigationBar+Color.m in Sources */ = {isa = PBXBuildFile; fileRef = 1430AF2E208878340012BBC7 /* UINavigationBar+Color.m */; };
		1430AF59208878340012BBC7 /* UIPageControl+Color.m in Sources */ = {isa = PBXBuildFile; fileRef = 1430AF30208878340012BBC7 /* UIPageControl+Color.m */; };
		1430AF5A208878340012BBC7 /* UIProgressView+Color.m in Sources */ = {isa = PBXBuildFile; fileRef = 1430AF32208878340012BBC7 /* UIProgressView+Color.m */; };
		1430AF5B208878340012BBC7 /* UISearchBar+Color.m in Sources */ = {isa = PBXBuildFile; fileRef = 1430AF34208878340012BBC7 /* UISearchBar+Color.m */; };
		1430AF5C208878340012BBC7 /* UISegmentedControl+Color.m in Sources */ = {isa = PBXBuildFile; fileRef = 1430AF36208878340012BBC7 /* UISegmentedControl+Color.m */; };
		1430AF5D208878340012BBC7 /* UISlider+Color.m in Sources */ = {isa = PBXBuildFile; fileRef = 1430AF38208878340012BBC7 /* UISlider+Color.m */; };
		1430AF5E208878340012BBC7 /* UISwitch+Color.m in Sources */ = {isa = PBXBuildFile; fileRef = 1430AF3A208878340012BBC7 /* UISwitch+Color.m */; };
		1430AF5F208878340012BBC7 /* UITabBar+Color.m in Sources */ = {isa = PBXBuildFile; fileRef = 1430AF3C208878340012BBC7 /* UITabBar+Color.m */; };
		1430AF60208878340012BBC7 /* UITabBarItem+Color.m in Sources */ = {isa = PBXBuildFile; fileRef = 1430AF3E208878340012BBC7 /* UITabBarItem+Color.m */; };
		1430AF61208878340012BBC7 /* UITableView+Color.m in Sources */ = {isa = PBXBuildFile; fileRef = 1430AF40208878340012BBC7 /* UITableView+Color.m */; };
		1430AF62208878340012BBC7 /* UITextField+Color.m in Sources */ = {isa = PBXBuildFile; fileRef = 1430AF42208878340012BBC7 /* UITextField+Color.m */; };
		1430AF63208878340012BBC7 /* UITextView+Color.m in Sources */ = {isa = PBXBuildFile; fileRef = 1430AF44208878340012BBC7 /* UITextView+Color.m */; };
		1430AF64208878340012BBC7 /* UIToolbar+Color.m in Sources */ = {isa = PBXBuildFile; fileRef = 1430AF46208878340012BBC7 /* UIToolbar+Color.m */; };
		1430AF65208878340012BBC7 /* UIView+Color.m in Sources */ = {isa = PBXBuildFile; fileRef = 1430AF48208878340012BBC7 /* UIView+Color.m */; };
		1430AF6E2088786B0012BBC7 /* m_c_usd@2x.png in Resources */ = {isa = PBXBuildFile; fileRef = 1430AF682088786B0012BBC7 /* m_c_usd@2x.png */; };
		1430AF6F2088786B0012BBC7 /* m_c_usd@3x.png in Resources */ = {isa = PBXBuildFile; fileRef = 1430AF692088786B0012BBC7 /* m_c_usd@3x.png */; };
		1430AF702088786B0012BBC7 /* m_c_usd_sl@2x.png in Resources */ = {isa = PBXBuildFile; fileRef = 1430AF6A2088786B0012BBC7 /* m_c_usd_sl@2x.png */; };
		1430AF712088786B0012BBC7 /* m_c_usd_sl@3x.png in Resources */ = {isa = PBXBuildFile; fileRef = 1430AF6B2088786B0012BBC7 /* m_c_usd_sl@3x.png */; };
		1430AF722088786B0012BBC7 /* NextVC.m in Sources */ = {isa = PBXBuildFile; fileRef = 1430AF6D2088786B0012BBC7 /* NextVC.m */; };
		1430AF752088971C0012BBC7 /* IXColorMgr.m in Sources */ = {isa = PBXBuildFile; fileRef = 1430AF742088971C0012BBC7 /* IXColorMgr.m */; };
/* End PBXBuildFile section */

/* Begin PBXFileReference section */
		1430AEF1208878020012BBC7 /* IXColorDemo.app */ = {isa = PBXFileReference; explicitFileType = wrapper.application; includeInIndex = 0; path = IXColorDemo.app; sourceTree = BUILT_PRODUCTS_DIR; };
		1430AEF4208878020012BBC7 /* AppDelegate.h */ = {isa = PBXFileReference; lastKnownFileType = sourcecode.c.h; path = AppDelegate.h; sourceTree = "<group>"; };
		1430AEF5208878020012BBC7 /* AppDelegate.m */ = {isa = PBXFileReference; lastKnownFileType = sourcecode.c.objc; path = AppDelegate.m; sourceTree = "<group>"; };
		1430AEF7208878020012BBC7 /* ViewController.h */ = {isa = PBXFileReference; lastKnownFileType = sourcecode.c.h; path = ViewController.h; sourceTree = "<group>"; };
		1430AEF8208878020012BBC7 /* ViewController.m */ = {isa = PBXFileReference; lastKnownFileType = sourcecode.c.objc; path = ViewController.m; sourceTree = "<group>"; };
		1430AEFD208878020012BBC7 /* Assets.xcassets */ = {isa = PBXFileReference; lastKnownFileType = folder.assetcatalog; path = Assets.xcassets; sourceTree = "<group>"; };
		1430AF02208878020012BBC7 /* Info.plist */ = {isa = PBXFileReference; lastKnownFileType = text.plist.xml; path = Info.plist; sourceTree = "<group>"; };
		1430AF03208878020012BBC7 /* main.m */ = {isa = PBXFileReference; lastKnownFileType = sourcecode.c.objc; path = main.m; sourceTree = "<group>"; };
		1430AF0C208878340012BBC7 /* IXColor.h */ = {isa = PBXFileReference; fileEncoding = 4; lastKnownFileType = sourcecode.c.h; path = IXColor.h; sourceTree = "<group>"; };
		1430AF0D208878340012BBC7 /* IXColor.m */ = {isa = PBXFileReference; fileEncoding = 4; lastKnownFileType = sourcecode.c.objc; path = IXColor.m; sourceTree = "<group>"; };
		1430AF0E208878340012BBC7 /* IXDeallocBlockExecutor.h */ = {isa = PBXFileReference; fileEncoding = 4; lastKnownFileType = sourcecode.c.h; path = IXDeallocBlockExecutor.h; sourceTree = "<group>"; };
		1430AF0F208878340012BBC7 /* IXDeallocBlockExecutor.m */ = {isa = PBXFileReference; fileEncoding = 4; lastKnownFileType = sourcecode.c.objc; path = IXDeallocBlockExecutor.m; sourceTree = "<group>"; };
		1430AF10208878340012BBC7 /* IXHookUtility.h */ = {isa = PBXFileReference; fileEncoding = 4; lastKnownFileType = sourcecode.c.h; path = IXHookUtility.h; sourceTree = "<group>"; };
		1430AF11208878340012BBC7 /* IXHookUtility.m */ = {isa = PBXFileReference; fileEncoding = 4; lastKnownFileType = sourcecode.c.objc; path = IXHookUtility.m; sourceTree = "<group>"; };
		1430AF12208878340012BBC7 /* IXImage.h */ = {isa = PBXFileReference; fileEncoding = 4; lastKnownFileType = sourcecode.c.h; path = IXImage.h; sourceTree = "<group>"; };
		1430AF13208878340012BBC7 /* IXImage.m */ = {isa = PBXFileReference; fileEncoding = 4; lastKnownFileType = sourcecode.c.objc; path = IXImage.m; sourceTree = "<group>"; };
		1430AF14208878340012BBC7 /* NSObject+Color.h */ = {isa = PBXFileReference; fileEncoding = 4; lastKnownFileType = sourcecode.c.h; path = "NSObject+Color.h"; sourceTree = "<group>"; };
		1430AF15208878340012BBC7 /* NSObject+Color.m */ = {isa = PBXFileReference; fileEncoding = 4; lastKnownFileType = sourcecode.c.objc; path = "NSObject+Color.m"; sourceTree = "<group>"; };
		1430AF16208878340012BBC7 /* IXColorHeader.h */ = {isa = PBXFileReference; fileEncoding = 4; lastKnownFileType = sourcecode.c.h; path = IXColorHeader.h; sourceTree = "<group>"; };
		1430AF1A208878340012BBC7 /* CAGradientLayer+Color.h */ = {isa = PBXFileReference; fileEncoding = 4; lastKnownFileType = sourcecode.c.h; path = "CAGradientLayer+Color.h"; sourceTree = "<group>"; };
		1430AF1B208878340012BBC7 /* CAGradientLayer+Color.m */ = {isa = PBXFileReference; fileEncoding = 4; lastKnownFileType = sourcecode.c.objc; path = "CAGradientLayer+Color.m"; sourceTree = "<group>"; };
		1430AF1C208878340012BBC7 /* CALayer+Color.h */ = {isa = PBXFileReference; fileEncoding = 4; lastKnownFileType = sourcecode.c.h; path = "CALayer+Color.h"; sourceTree = "<group>"; };
		1430AF1D208878340012BBC7 /* CALayer+Color.m */ = {isa = PBXFileReference; fileEncoding = 4; lastKnownFileType = sourcecode.c.objc; path = "CALayer+Color.m"; sourceTree = "<group>"; };
		1430AF1E208878340012BBC7 /* CAShapeLayer+Color.h */ = {isa = PBXFileReference; fileEncoding = 4; lastKnownFileType = sourcecode.c.h; path = "CAShapeLayer+Color.h"; sourceTree = "<group>"; };
		1430AF1F208878340012BBC7 /* CAShapeLayer+Color.m */ = {isa = PBXFileReference; fileEncoding = 4; lastKnownFileType = sourcecode.c.objc; path = "CAShapeLayer+Color.m"; sourceTree = "<group>"; };
		1430AF20208878340012BBC7 /* CATextLayer+Color.h */ = {isa = PBXFileReference; fileEncoding = 4; lastKnownFileType = sourcecode.c.h; path = "CATextLayer+Color.h"; sourceTree = "<group>"; };
		1430AF21208878340012BBC7 /* CATextLayer+Color.m */ = {isa = PBXFileReference; fileEncoding = 4; lastKnownFileType = sourcecode.c.objc; path = "CATextLayer+Color.m"; sourceTree = "<group>"; };
		1430AF23208878340012BBC7 /* UIBarItem+Color.h */ = {isa = PBXFileReference; fileEncoding = 4; lastKnownFileType = sourcecode.c.h; path = "UIBarItem+Color.h"; sourceTree = "<group>"; };
		1430AF24208878340012BBC7 /* UIBarItem+Color.m */ = {isa = PBXFileReference; fileEncoding = 4; lastKnownFileType = sourcecode.c.objc; path = "UIBarItem+Color.m"; sourceTree = "<group>"; };
		1430AF25208878340012BBC7 /* UIButton+Color.h */ = {isa = PBXFileReference; fileEncoding = 4; lastKnownFileType = sourcecode.c.h; path = "UIButton+Color.h"; sourceTree = "<group>"; };
		1430AF26208878340012BBC7 /* UIButton+Color.m */ = {isa = PBXFileReference; fileEncoding = 4; lastKnownFileType = sourcecode.c.objc; path = "UIButton+Color.m"; sourceTree = "<group>"; };
		1430AF27208878340012BBC7 /* UIControl+Color.h */ = {isa = PBXFileReference; fileEncoding = 4; lastKnownFileType = sourcecode.c.h; path = "UIControl+Color.h"; sourceTree = "<group>"; };
		1430AF28208878340012BBC7 /* UIControl+Color.m */ = {isa = PBXFileReference; fileEncoding = 4; lastKnownFileType = sourcecode.c.objc; path = "UIControl+Color.m"; sourceTree = "<group>"; };
		1430AF29208878340012BBC7 /* UIImageView+Color.h */ = {isa = PBXFileReference; fileEncoding = 4; lastKnownFileType = sourcecode.c.h; path = "UIImageView+Color.h"; sourceTree = "<group>"; };
		1430AF2A208878340012BBC7 /* UIImageView+Color.m */ = {isa = PBXFileReference; fileEncoding = 4; lastKnownFileType = sourcecode.c.objc; path = "UIImageView+Color.m"; sourceTree = "<group>"; };
		1430AF2B208878340012BBC7 /* UILabel+Color.h */ = {isa = PBXFileReference; fileEncoding = 4; lastKnownFileType = sourcecode.c.h; path = "UILabel+Color.h"; sourceTree = "<group>"; };
		1430AF2C208878340012BBC7 /* UILabel+Color.m */ = {isa = PBXFileReference; fileEncoding = 4; lastKnownFileType = sourcecode.c.objc; path = "UILabel+Color.m"; sourceTree = "<group>"; };
		1430AF2D208878340012BBC7 /* UINavigationBar+Color.h */ = {isa = PBXFileReference; fileEncoding = 4; lastKnownFileType = sourcecode.c.h; path = "UINavigationBar+Color.h"; sourceTree = "<group>"; };
		1430AF2E208878340012BBC7 /* UINavigationBar+Color.m */ = {isa = PBXFileReference; fileEncoding = 4; lastKnownFileType = sourcecode.c.objc; path = "UINavigationBar+Color.m"; sourceTree = "<group>"; };
		1430AF2F208878340012BBC7 /* UIPageControl+Color.h */ = {isa = PBXFileReference; fileEncoding = 4; lastKnownFileType = sourcecode.c.h; path = "UIPageControl+Color.h"; sourceTree = "<group>"; };
		1430AF30208878340012BBC7 /* UIPageControl+Color.m */ = {isa = PBXFileReference; fileEncoding = 4; lastKnownFileType = sourcecode.c.objc; path = "UIPageControl+Color.m"; sourceTree = "<group>"; };
		1430AF31208878340012BBC7 /* UIProgressView+Color.h */ = {isa = PBXFileReference; fileEncoding = 4; lastKnownFileType = sourcecode.c.h; path = "UIProgressView+Color.h"; sourceTree = "<group>"; };
		1430AF32208878340012BBC7 /* UIProgressView+Color.m */ = {isa = PBXFileReference; fileEncoding = 4; lastKnownFileType = sourcecode.c.objc; path = "UIProgressView+Color.m"; sourceTree = "<group>"; };
		1430AF33208878340012BBC7 /* UISearchBar+Color.h */ = {isa = PBXFileReference; fileEncoding = 4; lastKnownFileType = sourcecode.c.h; path = "UISearchBar+Color.h"; sourceTree = "<group>"; };
		1430AF34208878340012BBC7 /* UISearchBar+Color.m */ = {isa = PBXFileReference; fileEncoding = 4; lastKnownFileType = sourcecode.c.objc; path = "UISearchBar+Color.m"; sourceTree = "<group>"; };
		1430AF35208878340012BBC7 /* UISegmentedControl+Color.h */ = {isa = PBXFileReference; fileEncoding = 4; lastKnownFileType = sourcecode.c.h; path = "UISegmentedControl+Color.h"; sourceTree = "<group>"; };
		1430AF36208878340012BBC7 /* UISegmentedControl+Color.m */ = {isa = PBXFileReference; fileEncoding = 4; lastKnownFileType = sourcecode.c.objc; path = "UISegmentedControl+Color.m"; sourceTree = "<group>"; };
		1430AF37208878340012BBC7 /* UISlider+Color.h */ = {isa = PBXFileReference; fileEncoding = 4; lastKnownFileType = sourcecode.c.h; path = "UISlider+Color.h"; sourceTree = "<group>"; };
		1430AF38208878340012BBC7 /* UISlider+Color.m */ = {isa = PBXFileReference; fileEncoding = 4; lastKnownFileType = sourcecode.c.objc; path = "UISlider+Color.m"; sourceTree = "<group>"; };
		1430AF39208878340012BBC7 /* UISwitch+Color.h */ = {isa = PBXFileReference; fileEncoding = 4; lastKnownFileType = sourcecode.c.h; path = "UISwitch+Color.h"; sourceTree = "<group>"; };
		1430AF3A208878340012BBC7 /* UISwitch+Color.m */ = {isa = PBXFileReference; fileEncoding = 4; lastKnownFileType = sourcecode.c.objc; path = "UISwitch+Color.m"; sourceTree = "<group>"; };
		1430AF3B208878340012BBC7 /* UITabBar+Color.h */ = {isa = PBXFileReference; fileEncoding = 4; lastKnownFileType = sourcecode.c.h; path = "UITabBar+Color.h"; sourceTree = "<group>"; };
		1430AF3C208878340012BBC7 /* UITabBar+Color.m */ = {isa = PBXFileReference; fileEncoding = 4; lastKnownFileType = sourcecode.c.objc; path = "UITabBar+Color.m"; sourceTree = "<group>"; };
		1430AF3D208878340012BBC7 /* UITabBarItem+Color.h */ = {isa = PBXFileReference; fileEncoding = 4; lastKnownFileType = sourcecode.c.h; path = "UITabBarItem+Color.h"; sourceTree = "<group>"; };
		1430AF3E208878340012BBC7 /* UITabBarItem+Color.m */ = {isa = PBXFileReference; fileEncoding = 4; lastKnownFileType = sourcecode.c.objc; path = "UITabBarItem+Color.m"; sourceTree = "<group>"; };
		1430AF3F208878340012BBC7 /* UITableView+Color.h */ = {isa = PBXFileReference; fileEncoding = 4; lastKnownFileType = sourcecode.c.h; path = "UITableView+Color.h"; sourceTree = "<group>"; };
		1430AF40208878340012BBC7 /* UITableView+Color.m */ = {isa = PBXFileReference; fileEncoding = 4; lastKnownFileType = sourcecode.c.objc; path = "UITableView+Color.m"; sourceTree = "<group>"; };
		1430AF41208878340012BBC7 /* UITextField+Color.h */ = {isa = PBXFileReference; fileEncoding = 4; lastKnownFileType = sourcecode.c.h; path = "UITextField+Color.h"; sourceTree = "<group>"; };
		1430AF42208878340012BBC7 /* UITextField+Color.m */ = {isa = PBXFileReference; fileEncoding = 4; lastKnownFileType = sourcecode.c.objc; path = "UITextField+Color.m"; sourceTree = "<group>"; };
		1430AF43208878340012BBC7 /* UITextView+Color.h */ = {isa = PBXFileReference; fileEncoding = 4; lastKnownFileType = sourcecode.c.h; path = "UITextView+Color.h"; sourceTree = "<group>"; };
		1430AF44208878340012BBC7 /* UITextView+Color.m */ = {isa = PBXFileReference; fileEncoding = 4; lastKnownFileType = sourcecode.c.objc; path = "UITextView+Color.m"; sourceTree = "<group>"; };
		1430AF45208878340012BBC7 /* UIToolbar+Color.h */ = {isa = PBXFileReference; fileEncoding = 4; lastKnownFileType = sourcecode.c.h; path = "UIToolbar+Color.h"; sourceTree = "<group>"; };
		1430AF46208878340012BBC7 /* UIToolbar+Color.m */ = {isa = PBXFileReference; fileEncoding = 4; lastKnownFileType = sourcecode.c.objc; path = "UIToolbar+Color.m"; sourceTree = "<group>"; };
		1430AF47208878340012BBC7 /* UIView+Color.h */ = {isa = PBXFileReference; fileEncoding = 4; lastKnownFileType = sourcecode.c.h; path = "UIView+Color.h"; sourceTree = "<group>"; };
		1430AF48208878340012BBC7 /* UIView+Color.m */ = {isa = PBXFileReference; fileEncoding = 4; lastKnownFileType = sourcecode.c.objc; path = "UIView+Color.m"; sourceTree = "<group>"; };
		1430AF662088786B0012BBC7 /* PrefixHeader.h */ = {isa = PBXFileReference; fileEncoding = 4; lastKnownFileType = sourcecode.c.h; path = PrefixHeader.h; sourceTree = "<group>"; };
		1430AF682088786B0012BBC7 /* m_c_usd@2x.png */ = {isa = PBXFileReference; lastKnownFileType = image.png; path = "m_c_usd@2x.png"; sourceTree = "<group>"; };
		1430AF692088786B0012BBC7 /* m_c_usd@3x.png */ = {isa = PBXFileReference; lastKnownFileType = image.png; path = "m_c_usd@3x.png"; sourceTree = "<group>"; };
		1430AF6A2088786B0012BBC7 /* m_c_usd_sl@2x.png */ = {isa = PBXFileReference; lastKnownFileType = image.png; path = "m_c_usd_sl@2x.png"; sourceTree = "<group>"; };
		1430AF6B2088786B0012BBC7 /* m_c_usd_sl@3x.png */ = {isa = PBXFileReference; lastKnownFileType = image.png; path = "m_c_usd_sl@3x.png"; sourceTree = "<group>"; };
		1430AF6C2088786B0012BBC7 /* NextVC.h */ = {isa = PBXFileReference; fileEncoding = 4; lastKnownFileType = sourcecode.c.h; path = NextVC.h; sourceTree = "<group>"; };
		1430AF6D2088786B0012BBC7 /* NextVC.m */ = {isa = PBXFileReference; fileEncoding = 4; lastKnownFileType = sourcecode.c.objc; path = NextVC.m; sourceTree = "<group>"; };
		1430AF732088971B0012BBC7 /* IXColorMgr.h */ = {isa = PBXFileReference; fileEncoding = 4; lastKnownFileType = sourcecode.c.h; path = IXColorMgr.h; sourceTree = "<group>"; };
		1430AF742088971C0012BBC7 /* IXColorMgr.m */ = {isa = PBXFileReference; fileEncoding = 4; lastKnownFileType = sourcecode.c.objc; path = IXColorMgr.m; sourceTree = "<group>"; };
/* End PBXFileReference section */

/* Begin PBXFrameworksBuildPhase section */
		1430AEEE208878020012BBC7 /* Frameworks */ = {
			isa = PBXFrameworksBuildPhase;
			buildActionMask = 2147483647;
			files = (
			);
			runOnlyForDeploymentPostprocessing = 0;
		};
/* End PBXFrameworksBuildPhase section */

/* Begin PBXGroup section */
		1430AEE8208878020012BBC7 = {
			isa = PBXGroup;
			children = (
				1430AEF3208878020012BBC7 /* IXColorDemo */,
				1430AEF2208878020012BBC7 /* Products */,
			);
			sourceTree = "<group>";
		};
		1430AEF2208878020012BBC7 /* Products */ = {
			isa = PBXGroup;
			children = (
				1430AEF1208878020012BBC7 /* IXColorDemo.app */,
			);
			name = Products;
			sourceTree = "<group>";
		};
		1430AEF3208878020012BBC7 /* IXColorDemo */ = {
			isa = PBXGroup;
			children = (
				1430AEF4208878020012BBC7 /* AppDelegate.h */,
				1430AEF5208878020012BBC7 /* AppDelegate.m */,
				1430AEF7208878020012BBC7 /* ViewController.h */,
				1430AEF8208878020012BBC7 /* ViewController.m */,
				1430AF6C2088786B0012BBC7 /* NextVC.h */,
				1430AF6D2088786B0012BBC7 /* NextVC.m */,
				1430AF662088786B0012BBC7 /* PrefixHeader.h */,
				1430AF672088786B0012BBC7 /* resource */,
				1430AF0A208878340012BBC7 /* IXColor */,
				1430AEFD208878020012BBC7 /* Assets.xcassets */,
				1430AF02208878020012BBC7 /* Info.plist */,
				1430AF03208878020012BBC7 /* main.m */,
			);
			path = IXColorDemo;
			sourceTree = "<group>";
		};
		1430AF0A208878340012BBC7 /* IXColor */ = {
			isa = PBXGroup;
			children = (
				1430AF16208878340012BBC7 /* IXColorHeader.h */,
				1430AF0B208878340012BBC7 /* Core */,
				1430AF19208878340012BBC7 /* Quartz */,
				1430AF22208878340012BBC7 /* UIKit */,
			);
			path = IXColor;
			sourceTree = SOURCE_ROOT;
		};
		1430AF0B208878340012BBC7 /* Core */ = {
			isa = PBXGroup;
			children = (
				1430AF732088971B0012BBC7 /* IXColorMgr.h */,
				1430AF742088971C0012BBC7 /* IXColorMgr.m */,
				1430AF0C208878340012BBC7 /* IXColor.h */,
				1430AF0D208878340012BBC7 /* IXColor.m */,
				1430AF10208878340012BBC7 /* IXHookUtility.h */,
				1430AF11208878340012BBC7 /* IXHookUtility.m */,
				1430AF12208878340012BBC7 /* IXImage.h */,
				1430AF13208878340012BBC7 /* IXImage.m */,
				1430AF14208878340012BBC7 /* NSObject+Color.h */,
				1430AF15208878340012BBC7 /* NSObject+Color.m */,
				1430AF0E208878340012BBC7 /* IXDeallocBlockExecutor.h */,
				1430AF0F208878340012BBC7 /* IXDeallocBlockExecutor.m */,
			);
			path = Core;
			sourceTree = "<group>";
		};
		1430AF19208878340012BBC7 /* Quartz */ = {
			isa = PBXGroup;
			children = (
				1430AF1A208878340012BBC7 /* CAGradientLayer+Color.h */,
				1430AF1B208878340012BBC7 /* CAGradientLayer+Color.m */,
				1430AF1C208878340012BBC7 /* CALayer+Color.h */,
				1430AF1D208878340012BBC7 /* CALayer+Color.m */,
				1430AF1E208878340012BBC7 /* CAShapeLayer+Color.h */,
				1430AF1F208878340012BBC7 /* CAShapeLayer+Color.m */,
				1430AF20208878340012BBC7 /* CATextLayer+Color.h */,
				1430AF21208878340012BBC7 /* CATextLayer+Color.m */,
			);
			path = Quartz;
			sourceTree = "<group>";
		};
		1430AF22208878340012BBC7 /* UIKit */ = {
			isa = PBXGroup;
			children = (
				1430AF23208878340012BBC7 /* UIBarItem+Color.h */,
				1430AF24208878340012BBC7 /* UIBarItem+Color.m */,
				1430AF25208878340012BBC7 /* UIButton+Color.h */,
				1430AF26208878340012BBC7 /* UIButton+Color.m */,
				1430AF27208878340012BBC7 /* UIControl+Color.h */,
				1430AF28208878340012BBC7 /* UIControl+Color.m */,
				1430AF29208878340012BBC7 /* UIImageView+Color.h */,
				1430AF2A208878340012BBC7 /* UIImageView+Color.m */,
				1430AF2B208878340012BBC7 /* UILabel+Color.h */,
				1430AF2C208878340012BBC7 /* UILabel+Color.m */,
				1430AF2D208878340012BBC7 /* UINavigationBar+Color.h */,
				1430AF2E208878340012BBC7 /* UINavigationBar+Color.m */,
				1430AF2F208878340012BBC7 /* UIPageControl+Color.h */,
				1430AF30208878340012BBC7 /* UIPageControl+Color.m */,
				1430AF31208878340012BBC7 /* UIProgressView+Color.h */,
				1430AF32208878340012BBC7 /* UIProgressView+Color.m */,
				1430AF33208878340012BBC7 /* UISearchBar+Color.h */,
				1430AF34208878340012BBC7 /* UISearchBar+Color.m */,
				1430AF35208878340012BBC7 /* UISegmentedControl+Color.h */,
				1430AF36208878340012BBC7 /* UISegmentedControl+Color.m */,
				1430AF37208878340012BBC7 /* UISlider+Color.h */,
				1430AF38208878340012BBC7 /* UISlider+Color.m */,
				1430AF39208878340012BBC7 /* UISwitch+Color.h */,
				1430AF3A208878340012BBC7 /* UISwitch+Color.m */,
				1430AF3B208878340012BBC7 /* UITabBar+Color.h */,
				1430AF3C208878340012BBC7 /* UITabBar+Color.m */,
				1430AF3D208878340012BBC7 /* UITabBarItem+Color.h */,
				1430AF3E208878340012BBC7 /* UITabBarItem+Color.m */,
				1430AF3F208878340012BBC7 /* UITableView+Color.h */,
				1430AF40208878340012BBC7 /* UITableView+Color.m */,
				1430AF41208878340012BBC7 /* UITextField+Color.h */,
				1430AF42208878340012BBC7 /* UITextField+Color.m */,
				1430AF43208878340012BBC7 /* UITextView+Color.h */,
				1430AF44208878340012BBC7 /* UITextView+Color.m */,
				1430AF45208878340012BBC7 /* UIToolbar+Color.h */,
				1430AF46208878340012BBC7 /* UIToolbar+Color.m */,
				1430AF47208878340012BBC7 /* UIView+Color.h */,
				1430AF48208878340012BBC7 /* UIView+Color.m */,
			);
			path = UIKit;
			sourceTree = "<group>";
		};
		1430AF672088786B0012BBC7 /* resource */ = {
			isa = PBXGroup;
			children = (
				1430AF682088786B0012BBC7 /* m_c_usd@2x.png */,
				1430AF692088786B0012BBC7 /* m_c_usd@3x.png */,
				1430AF6A2088786B0012BBC7 /* m_c_usd_sl@2x.png */,
				1430AF6B2088786B0012BBC7 /* m_c_usd_sl@3x.png */,
			);
			path = resource;
			sourceTree = "<group>";
		};
/* End PBXGroup section */

/* Begin PBXNativeTarget section */
		1430AEF0208878020012BBC7 /* IXColorDemo */ = {
			isa = PBXNativeTarget;
			buildConfigurationList = 1430AF07208878020012BBC7 /* Build configuration list for PBXNativeTarget "IXColorDemo" */;
			buildPhases = (
				1430AEED208878020012BBC7 /* Sources */,
				1430AEEE208878020012BBC7 /* Frameworks */,
				1430AEEF208878020012BBC7 /* Resources */,
			);
			buildRules = (
			);
			dependencies = (
			);
			name = IXColorDemo;
			productName = IXColorDemo;
			productReference = 1430AEF1208878020012BBC7 /* IXColorDemo.app */;
			productType = "com.apple.product-type.application";
		};
/* End PBXNativeTarget section */

/* Begin PBXProject section */
		1430AEE9208878020012BBC7 /* Project object */ = {
			isa = PBXProject;
			attributes = {
				LastUpgradeCheck = 0920;
				ORGANIZATIONNAME = Seven;
				TargetAttributes = {
					1430AEF0208878020012BBC7 = {
						CreatedOnToolsVersion = 9.2;
						ProvisioningStyle = Automatic;
					};
				};
			};
			buildConfigurationList = 1430AEEC208878020012BBC7 /* Build configuration list for PBXProject "IXColorDemo" */;
			compatibilityVersion = "Xcode 8.0";
			developmentRegion = en;
			hasScannedForEncodings = 0;
			knownRegions = (
				en,
				Base,
			);
			mainGroup = 1430AEE8208878020012BBC7;
			productRefGroup = 1430AEF2208878020012BBC7 /* Products */;
			projectDirPath = "";
			projectRoot = "";
			targets = (
				1430AEF0208878020012BBC7 /* IXColorDemo */,
			);
		};
/* End PBXProject section */

/* Begin PBXResourcesBuildPhase section */
		1430AEEF208878020012BBC7 /* Resources */ = {
			isa = PBXResourcesBuildPhase;
			buildActionMask = 2147483647;
			files = (
				1430AF6E2088786B0012BBC7 /* m_c_usd@2x.png in Resources */,
				1430AF712088786B0012BBC7 /* m_c_usd_sl@3x.png in Resources */,
				1430AF702088786B0012BBC7 /* m_c_usd_sl@2x.png in Resources */,
				1430AF6F2088786B0012BBC7 /* m_c_usd@3x.png in Resources */,
				1430AEFE208878020012BBC7 /* Assets.xcassets in Resources */,
			);
			runOnlyForDeploymentPostprocessing = 0;
		};
/* End PBXResourcesBuildPhase section */

/* Begin PBXSourcesBuildPhase section */
		1430AEED208878020012BBC7 /* Sources */ = {
			isa = PBXSourcesBuildPhase;
			buildActionMask = 2147483647;
			files = (
				1430AF57208878340012BBC7 /* UILabel+Color.m in Sources */,
				1430AF49208878340012BBC7 /* IXColor.m in Sources */,
				1430AF4F208878340012BBC7 /* CAGradientLayer+Color.m in Sources */,
				1430AF4C208878340012BBC7 /* IXImage.m in Sources */,
				1430AF4A208878340012BBC7 /* IXDeallocBlockExecutor.m in Sources */,
				1430AF5F208878340012BBC7 /* UITabBar+Color.m in Sources */,
				1430AF53208878340012BBC7 /* UIBarItem+Color.m in Sources */,
				1430AF55208878340012BBC7 /* UIControl+Color.m in Sources */,
				1430AF752088971C0012BBC7 /* IXColorMgr.m in Sources */,
				1430AF4B208878340012BBC7 /* IXHookUtility.m in Sources */,
				1430AF58208878340012BBC7 /* UINavigationBar+Color.m in Sources */,
				1430AF50208878340012BBC7 /* CALayer+Color.m in Sources */,
				1430AF56208878340012BBC7 /* UIImageView+Color.m in Sources */,
				1430AF65208878340012BBC7 /* UIView+Color.m in Sources */,
				1430AF62208878340012BBC7 /* UITextField+Color.m in Sources */,
				1430AEF9208878020012BBC7 /* ViewController.m in Sources */,
				1430AF52208878340012BBC7 /* CATextLayer+Color.m in Sources */,
				1430AF51208878340012BBC7 /* CAShapeLayer+Color.m in Sources */,
				1430AF59208878340012BBC7 /* UIPageControl+Color.m in Sources */,
				1430AF722088786B0012BBC7 /* NextVC.m in Sources */,
				1430AF4D208878340012BBC7 /* NSObject+Color.m in Sources */,
				1430AF60208878340012BBC7 /* UITabBarItem+Color.m in Sources */,
				1430AF5A208878340012BBC7 /* UIProgressView+Color.m in Sources */,
				1430AF04208878020012BBC7 /* main.m in Sources */,
				1430AF5B208878340012BBC7 /* UISearchBar+Color.m in Sources */,
				1430AEF6208878020012BBC7 /* AppDelegate.m in Sources */,
				1430AF5C208878340012BBC7 /* UISegmentedControl+Color.m in Sources */,
				1430AF5E208878340012BBC7 /* UISwitch+Color.m in Sources */,
				1430AF61208878340012BBC7 /* UITableView+Color.m in Sources */,
				1430AF5D208878340012BBC7 /* UISlider+Color.m in Sources */,
				1430AF54208878340012BBC7 /* UIButton+Color.m in Sources */,
				1430AF64208878340012BBC7 /* UIToolbar+Color.m in Sources */,
				1430AF63208878340012BBC7 /* UITextView+Color.m in Sources */,
			);
			runOnlyForDeploymentPostprocessing = 0;
		};
/* End PBXSourcesBuildPhase section */

/* Begin XCBuildConfiguration section */
		1430AF05208878020012BBC7 /* Debug */ = {
			isa = XCBuildConfiguration;
			buildSettings = {
				ALWAYS_SEARCH_USER_PATHS = NO;
				CLANG_ANALYZER_NONNULL = YES;
				CLANG_ANALYZER_NUMBER_OBJECT_CONVERSION = YES_AGGRESSIVE;
				CLANG_CXX_LANGUAGE_STANDARD = "gnu++14";
				CLANG_CXX_LIBRARY = "libc++";
				CLANG_ENABLE_MODULES = YES;
				CLANG_ENABLE_OBJC_ARC = YES;
				CLANG_WARN_BLOCK_CAPTURE_AUTORELEASING = YES;
				CLANG_WARN_BOOL_CONVERSION = YES;
				CLANG_WARN_COMMA = YES;
				CLANG_WARN_CONSTANT_CONVERSION = YES;
				CLANG_WARN_DIRECT_OBJC_ISA_USAGE = YES_ERROR;
				CLANG_WARN_DOCUMENTATION_COMMENTS = YES;
				CLANG_WARN_EMPTY_BODY = YES;
				CLANG_WARN_ENUM_CONVERSION = YES;
				CLANG_WARN_INFINITE_RECURSION = YES;
				CLANG_WARN_INT_CONVERSION = YES;
				CLANG_WARN_NON_LITERAL_NULL_CONVERSION = YES;
				CLANG_WARN_OBJC_LITERAL_CONVERSION = YES;
				CLANG_WARN_OBJC_ROOT_CLASS = YES_ERROR;
				CLANG_WARN_RANGE_LOOP_ANALYSIS = YES;
				CLANG_WARN_STRICT_PROTOTYPES = YES;
				CLANG_WARN_SUSPICIOUS_MOVE = YES;
				CLANG_WARN_UNGUARDED_AVAILABILITY = YES_AGGRESSIVE;
				CLANG_WARN_UNREACHABLE_CODE = YES;
				CLANG_WARN__DUPLICATE_METHOD_MATCH = YES;
				CODE_SIGN_IDENTITY = "iPhone Developer";
				COPY_PHASE_STRIP = NO;
				DEBUG_INFORMATION_FORMAT = dwarf;
				ENABLE_STRICT_OBJC_MSGSEND = YES;
				ENABLE_TESTABILITY = YES;
				GCC_C_LANGUAGE_STANDARD = gnu11;
				GCC_DYNAMIC_NO_PIC = NO;
				GCC_NO_COMMON_BLOCKS = YES;
				GCC_OPTIMIZATION_LEVEL = 0;
				GCC_PREPROCESSOR_DEFINITIONS = (
					"DEBUG=1",
					"$(inherited)",
				);
				GCC_WARN_64_TO_32_BIT_CONVERSION = YES;
				GCC_WARN_ABOUT_RETURN_TYPE = YES_ERROR;
				GCC_WARN_UNDECLARED_SELECTOR = YES;
				GCC_WARN_UNINITIALIZED_AUTOS = YES_AGGRESSIVE;
				GCC_WARN_UNUSED_FUNCTION = YES;
				GCC_WARN_UNUSED_VARIABLE = YES;
				IPHONEOS_DEPLOYMENT_TARGET = 11.2;
				MTL_ENABLE_DEBUG_INFO = YES;
				ONLY_ACTIVE_ARCH = YES;
				SDKROOT = iphoneos;
			};
			name = Debug;
		};
		1430AF06208878020012BBC7 /* Release */ = {
			isa = XCBuildConfiguration;
			buildSettings = {
				ALWAYS_SEARCH_USER_PATHS = NO;
				CLANG_ANALYZER_NONNULL = YES;
				CLANG_ANALYZER_NUMBER_OBJECT_CONVERSION = YES_AGGRESSIVE;
				CLANG_CXX_LANGUAGE_STANDARD = "gnu++14";
				CLANG_CXX_LIBRARY = "libc++";
				CLANG_ENABLE_MODULES = YES;
				CLANG_ENABLE_OBJC_ARC = YES;
				CLANG_WARN_BLOCK_CAPTURE_AUTORELEASING = YES;
				CLANG_WARN_BOOL_CONVERSION = YES;
				CLANG_WARN_COMMA = YES;
				CLANG_WARN_CONSTANT_CONVERSION = YES;
				CLANG_WARN_DIRECT_OBJC_ISA_USAGE = YES_ERROR;
				CLANG_WARN_DOCUMENTATION_COMMENTS = YES;
				CLANG_WARN_EMPTY_BODY = YES;
				CLANG_WARN_ENUM_CONVERSION = YES;
				CLANG_WARN_INFINITE_RECURSION = YES;
				CLANG_WARN_INT_CONVERSION = YES;
				CLANG_WARN_NON_LITERAL_NULL_CONVERSION = YES;
				CLANG_WARN_OBJC_LITERAL_CONVERSION = YES;
				CLANG_WARN_OBJC_ROOT_CLASS = YES_ERROR;
				CLANG_WARN_RANGE_LOOP_ANALYSIS = YES;
				CLANG_WARN_STRICT_PROTOTYPES = YES;
				CLANG_WARN_SUSPICIOUS_MOVE = YES;
				CLANG_WARN_UNGUARDED_AVAILABILITY = YES_AGGRESSIVE;
				CLANG_WARN_UNREACHABLE_CODE = YES;
				CLANG_WARN__DUPLICATE_METHOD_MATCH = YES;
				CODE_SIGN_IDENTITY = "iPhone Developer";
				COPY_PHASE_STRIP = NO;
				DEBUG_INFORMATION_FORMAT = "dwarf-with-dsym";
				ENABLE_NS_ASSERTIONS = NO;
				ENABLE_STRICT_OBJC_MSGSEND = YES;
				GCC_C_LANGUAGE_STANDARD = gnu11;
				GCC_NO_COMMON_BLOCKS = YES;
				GCC_WARN_64_TO_32_BIT_CONVERSION = YES;
				GCC_WARN_ABOUT_RETURN_TYPE = YES_ERROR;
				GCC_WARN_UNDECLARED_SELECTOR = YES;
				GCC_WARN_UNINITIALIZED_AUTOS = YES_AGGRESSIVE;
				GCC_WARN_UNUSED_FUNCTION = YES;
				GCC_WARN_UNUSED_VARIABLE = YES;
				IPHONEOS_DEPLOYMENT_TARGET = 11.2;
				MTL_ENABLE_DEBUG_INFO = NO;
				SDKROOT = iphoneos;
				VALIDATE_PRODUCT = YES;
			};
			name = Release;
		};
		1430AF08208878020012BBC7 /* Debug */ = {
			isa = XCBuildConfiguration;
			buildSettings = {
				ASSETCATALOG_COMPILER_APPICON_NAME = AppIcon;
				CODE_SIGN_STYLE = Automatic;
				DEVELOPMENT_TEAM = 8RT8SAJSN9;
				GCC_PRECOMPILE_PREFIX_HEADER = YES;
				GCC_PREFIX_HEADER = "$(SRCROOT)/IXColorDemo/PrefixHeader.h";
				INFOPLIST_FILE = IXColorDemo/Info.plist;
				IPHONEOS_DEPLOYMENT_TARGET = 8.0;
				LD_RUNPATH_SEARCH_PATHS = "$(inherited) @executable_path/Frameworks";
				PRODUCT_BUNDLE_IDENTIFIER = Shenzhen.IXColorDemo;
				PRODUCT_NAME = "$(TARGET_NAME)";
				TARGETED_DEVICE_FAMILY = "1,2";
			};
			name = Debug;
		};
		1430AF09208878020012BBC7 /* Release */ = {
			isa = XCBuildConfiguration;
			buildSettings = {
				ASSETCATALOG_COMPILER_APPICON_NAME = AppIcon;
				CODE_SIGN_STYLE = Automatic;
				DEVELOPMENT_TEAM = 8RT8SAJSN9;
				GCC_PRECOMPILE_PREFIX_HEADER = YES;
				GCC_PREFIX_HEADER = "$(SRCROOT)/IXColorDemo/PrefixHeader.h";
				INFOPLIST_FILE = IXColorDemo/Info.plist;
				IPHONEOS_DEPLOYMENT_TARGET = 8.0;
				LD_RUNPATH_SEARCH_PATHS = "$(inherited) @executable_path/Frameworks";
				PRODUCT_BUNDLE_IDENTIFIER = Shenzhen.IXColorDemo;
				PRODUCT_NAME = "$(TARGET_NAME)";
				TARGETED_DEVICE_FAMILY = "1,2";
			};
			name = Release;
		};
/* End XCBuildConfiguration section */

/* Begin XCConfigurationList section */
		1430AEEC208878020012BBC7 /* Build configuration list for PBXProject "IXColorDemo" */ = {
			isa = XCConfigurationList;
			buildConfigurations = (
				1430AF05208878020012BBC7 /* Debug */,
				1430AF06208878020012BBC7 /* Release */,
			);
			defaultConfigurationIsVisible = 0;
			defaultConfigurationName = Release;
		};
		1430AF07208878020012BBC7 /* Build configuration list for PBXNativeTarget "IXColorDemo" */ = {
			isa = XCConfigurationList;
			buildConfigurations = (
				1430AF08208878020012BBC7 /* Debug */,
				1430AF09208878020012BBC7 /* Release */,
			);
			defaultConfigurationIsVisible = 0;
			defaultConfigurationName = Release;
		};
/* End XCConfigurationList section */
	};
	rootObject = 1430AEE9208878020012BBC7 /* Project object */;
}
