// !$*UTF8*$!
{
	archiveVersion = 1;
	classes = {
	};
	objectVersion = 48;
	objects = {

/* Begin PBXBuildFile section */
		1404521B2073166B0055BA7B /* AppDelegate.m in Sources */ = {isa = PBXBuildFile; fileRef = 1404521A2073166B0055BA7B /* AppDelegate.m */; };
		1404521E2073166B0055BA7B /* ViewController.m in Sources */ = {isa = PBXBuildFile; fileRef = 1404521D2073166B0055BA7B /* ViewController.m */; };
		140452212073166B0055BA7B /* Main.storyboard in Resources */ = {isa = PBXBuildFile; fileRef = 1404521F2073166B0055BA7B /* Main.storyboard */; };
		140452232073166B0055BA7B /* Assets.xcassets in Resources */ = {isa = PBXBuildFile; fileRef = 140452222073166B0055BA7B /* Assets.xcassets */; };
		140452262073166B0055BA7B /* LaunchScreen.storyboard in Resources */ = {isa = PBXBuildFile; fileRef = 140452242073166B0055BA7B /* LaunchScreen.storyboard */; };
		140452292073166B0055BA7B /* main.m in Sources */ = {isa = PBXBuildFile; fileRef = 140452282073166B0055BA7B /* main.m */; };
		140452342073169D0055BA7B /* IXColor.m in Sources */ = {isa = PBXBuildFile; fileRef = 140452332073169D0055BA7B /* IXColor.m */; };
		14045237207319AF0055BA7B /* UIView+Color.m in Sources */ = {isa = PBXBuildFile; fileRef = 14045236207319AF0055BA7B /* UIView+Color.m */; };
		1404523A2073257B0055BA7B /* NSObject+Color.m in Sources */ = {isa = PBXBuildFile; fileRef = 140452392073257B0055BA7B /* NSObject+Color.m */; };
		1404523D207325980055BA7B /* IXColorMgr.m in Sources */ = {isa = PBXBuildFile; fileRef = 1404523C207325980055BA7B /* IXColorMgr.m */; };
		1404524020732E640055BA7B /* UILabel+Color.m in Sources */ = {isa = PBXBuildFile; fileRef = 1404523F20732E640055BA7B /* UILabel+Color.m */; };
		1404524320732FAB0055BA7B /* UIImageView+Color.m in Sources */ = {isa = PBXBuildFile; fileRef = 1404524220732FAB0055BA7B /* UIImageView+Color.m */; };
		1404524620732FC40055BA7B /* IXImage.m in Sources */ = {isa = PBXBuildFile; fileRef = 1404524520732FC40055BA7B /* IXImage.m */; };
		1404524920735CF00055BA7B /* IXHookUtility.m in Sources */ = {isa = PBXBuildFile; fileRef = 1404524820735CF00055BA7B /* IXHookUtility.m */; };
		1404524C207361290055BA7B /* IXDeallocBlockExecutor.m in Sources */ = {isa = PBXBuildFile; fileRef = 1404524B207361290055BA7B /* IXDeallocBlockExecutor.m */; };
		14045252207367570055BA7B /* m_c_usd_sl@3x.png in Resources */ = {isa = PBXBuildFile; fileRef = 1404524E207367560055BA7B /* m_c_usd_sl@3x.png */; };
		14045253207367570055BA7B /* m_c_usd@2x.png in Resources */ = {isa = PBXBuildFile; fileRef = 1404524F207367570055BA7B /* m_c_usd@2x.png */; };
		14045254207367570055BA7B /* m_c_usd_sl@2x.png in Resources */ = {isa = PBXBuildFile; fileRef = 14045250207367570055BA7B /* m_c_usd_sl@2x.png */; };
		14045255207367570055BA7B /* m_c_usd@3x.png in Resources */ = {isa = PBXBuildFile; fileRef = 14045251207367570055BA7B /* m_c_usd@3x.png */; };
		14045258207372A60055BA7B /* UIButton+Color.m in Sources */ = {isa = PBXBuildFile; fileRef = 14045257207372A60055BA7B /* UIButton+Color.m */; };
		1430AE8C2086E67F0012BBC7 /* NextVC.m in Sources */ = {isa = PBXBuildFile; fileRef = 1430AE8B2086E67F0012BBC7 /* NextVC.m */; };
		1430AE94208718F70012BBC7 /* CALayer+Color.m in Sources */ = {isa = PBXBuildFile; fileRef = 1430AE93208718F70012BBC7 /* CALayer+Color.m */; };
		1430AE9720871C950012BBC7 /* CAShapeLayer+Color.m in Sources */ = {isa = PBXBuildFile; fileRef = 1430AE9620871C950012BBC7 /* CAShapeLayer+Color.m */; };
		1430AE9A20871E000012BBC7 /* CAGradientLayer+Color.m in Sources */ = {isa = PBXBuildFile; fileRef = 1430AE9920871E000012BBC7 /* CAGradientLayer+Color.m */; };
		1430AE9D20871FF20012BBC7 /* CATextLayer+Color.m in Sources */ = {isa = PBXBuildFile; fileRef = 1430AE9C20871FF20012BBC7 /* CATextLayer+Color.m */; };
		143A67A1208449E30032C3A1 /* UITextField+Color.m in Sources */ = {isa = PBXBuildFile; fileRef = 143A67A0208449E30032C3A1 /* UITextField+Color.m */; };
		143A67A5208477300032C3A1 /* UITextView+Color.m in Sources */ = {isa = PBXBuildFile; fileRef = 143A67A4208477300032C3A1 /* UITextView+Color.m */; };
		143A67A82084779E0032C3A1 /* UISwitch+Color.m in Sources */ = {isa = PBXBuildFile; fileRef = 143A67A72084779E0032C3A1 /* UISwitch+Color.m */; };
		143A67AB20847CCD0032C3A1 /* UISlider+Color.m in Sources */ = {isa = PBXBuildFile; fileRef = 143A67AA20847CCD0032C3A1 /* UISlider+Color.m */; };
		143A67AE20848B5B0032C3A1 /* UISearchBar+Color.m in Sources */ = {isa = PBXBuildFile; fileRef = 143A67AD20848B5B0032C3A1 /* UISearchBar+Color.m */; };
		143A67B12084934A0032C3A1 /* UIToolbar+Color.m in Sources */ = {isa = PBXBuildFile; fileRef = 143A67B02084934A0032C3A1 /* UIToolbar+Color.m */; };
		143A67B420849A440032C3A1 /* UITabBar+Color.m in Sources */ = {isa = PBXBuildFile; fileRef = 143A67B320849A440032C3A1 /* UITabBar+Color.m */; };
		143A67B720849F5A0032C3A1 /* UITabBarItem+Color.m in Sources */ = {isa = PBXBuildFile; fileRef = 143A67B620849F5A0032C3A1 /* UITabBarItem+Color.m */; };
		143A67BA20849FDC0032C3A1 /* UIBarItem+Color.m in Sources */ = {isa = PBXBuildFile; fileRef = 143A67B920849FDC0032C3A1 /* UIBarItem+Color.m */; };
		143A67BD2084A8C40032C3A1 /* UIProgressView+Color.m in Sources */ = {isa = PBXBuildFile; fileRef = 143A67BC2084A8C40032C3A1 /* UIProgressView+Color.m */; };
		143A67C02084A8D20032C3A1 /* UIPageControl+Color.m in Sources */ = {isa = PBXBuildFile; fileRef = 143A67BF2084A8D20032C3A1 /* UIPageControl+Color.m */; };
		143A67C32084A8E50032C3A1 /* UISegmentedControl+Color.m in Sources */ = {isa = PBXBuildFile; fileRef = 143A67C22084A8E50032C3A1 /* UISegmentedControl+Color.m */; };
		143A67C62084A9110032C3A1 /* UINavigationBar+Color.m in Sources */ = {isa = PBXBuildFile; fileRef = 143A67C52084A9110032C3A1 /* UINavigationBar+Color.m */; };
		143A67C92084A91E0032C3A1 /* UITableView+Color.m in Sources */ = {isa = PBXBuildFile; fileRef = 143A67C82084A91E0032C3A1 /* UITableView+Color.m */; };
		143A67CC2084A9330032C3A1 /* UIControl+Color.m in Sources */ = {isa = PBXBuildFile; fileRef = 143A67CB2084A9330032C3A1 /* UIControl+Color.m */; };
/* End PBXBuildFile section */

/* Begin PBXFileReference section */
		140452162073166B0055BA7B /* IXColor.app */ = {isa = PBXFileReference; explicitFileType = wrapper.application; includeInIndex = 0; path = IXColor.app; sourceTree = BUILT_PRODUCTS_DIR; };
		140452192073166B0055BA7B /* AppDelegate.h */ = {isa = PBXFileReference; lastKnownFileType = sourcecode.c.h; path = AppDelegate.h; sourceTree = "<group>"; };
		1404521A2073166B0055BA7B /* AppDelegate.m */ = {isa = PBXFileReference; lastKnownFileType = sourcecode.c.objc; path = AppDelegate.m; sourceTree = "<group>"; };
		1404521C2073166B0055BA7B /* ViewController.h */ = {isa = PBXFileReference; lastKnownFileType = sourcecode.c.h; path = ViewController.h; sourceTree = "<group>"; };
		1404521D2073166B0055BA7B /* ViewController.m */ = {isa = PBXFileReference; lastKnownFileType = sourcecode.c.objc; path = ViewController.m; sourceTree = "<group>"; };
		140452202073166B0055BA7B /* Base */ = {isa = PBXFileReference; lastKnownFileType = file.storyboard; name = Base; path = Base.lproj/Main.storyboard; sourceTree = "<group>"; };
		140452222073166B0055BA7B /* Assets.xcassets */ = {isa = PBXFileReference; lastKnownFileType = folder.assetcatalog; path = Assets.xcassets; sourceTree = "<group>"; };
		140452252073166B0055BA7B /* Base */ = {isa = PBXFileReference; lastKnownFileType = file.storyboard; name = Base; path = Base.lproj/LaunchScreen.storyboard; sourceTree = "<group>"; };
		140452272073166B0055BA7B /* Info.plist */ = {isa = PBXFileReference; lastKnownFileType = text.plist.xml; path = Info.plist; sourceTree = "<group>"; };
		140452282073166B0055BA7B /* main.m */ = {isa = PBXFileReference; lastKnownFileType = sourcecode.c.objc; path = main.m; sourceTree = "<group>"; };
		140452322073169D0055BA7B /* IXColor.h */ = {isa = PBXFileReference; lastKnownFileType = sourcecode.c.h; path = IXColor.h; sourceTree = "<group>"; };
		140452332073169D0055BA7B /* IXColor.m */ = {isa = PBXFileReference; lastKnownFileType = sourcecode.c.objc; path = IXColor.m; sourceTree = "<group>"; };
		14045235207319AF0055BA7B /* UIView+Color.h */ = {isa = PBXFileReference; lastKnownFileType = sourcecode.c.h; path = "UIView+Color.h"; sourceTree = "<group>"; };
		14045236207319AF0055BA7B /* UIView+Color.m */ = {isa = PBXFileReference; lastKnownFileType = sourcecode.c.objc; path = "UIView+Color.m"; sourceTree = "<group>"; };
		140452382073257B0055BA7B /* NSObject+Color.h */ = {isa = PBXFileReference; lastKnownFileType = sourcecode.c.h; path = "NSObject+Color.h"; sourceTree = "<group>"; };
		140452392073257B0055BA7B /* NSObject+Color.m */ = {isa = PBXFileReference; lastKnownFileType = sourcecode.c.objc; path = "NSObject+Color.m"; sourceTree = "<group>"; };
		1404523B207325980055BA7B /* IXColorMgr.h */ = {isa = PBXFileReference; lastKnownFileType = sourcecode.c.h; path = IXColorMgr.h; sourceTree = "<group>"; };
		1404523C207325980055BA7B /* IXColorMgr.m */ = {isa = PBXFileReference; lastKnownFileType = sourcecode.c.objc; path = IXColorMgr.m; sourceTree = "<group>"; };
		1404523E20732E640055BA7B /* UILabel+Color.h */ = {isa = PBXFileReference; lastKnownFileType = sourcecode.c.h; path = "UILabel+Color.h"; sourceTree = "<group>"; };
		1404523F20732E640055BA7B /* UILabel+Color.m */ = {isa = PBXFileReference; lastKnownFileType = sourcecode.c.objc; path = "UILabel+Color.m"; sourceTree = "<group>"; };
		1404524120732FAB0055BA7B /* UIImageView+Color.h */ = {isa = PBXFileReference; lastKnownFileType = sourcecode.c.h; path = "UIImageView+Color.h"; sourceTree = "<group>"; };
		1404524220732FAB0055BA7B /* UIImageView+Color.m */ = {isa = PBXFileReference; lastKnownFileType = sourcecode.c.objc; path = "UIImageView+Color.m"; sourceTree = "<group>"; };
		1404524420732FC40055BA7B /* IXImage.h */ = {isa = PBXFileReference; lastKnownFileType = sourcecode.c.h; path = IXImage.h; sourceTree = "<group>"; };
		1404524520732FC40055BA7B /* IXImage.m */ = {isa = PBXFileReference; lastKnownFileType = sourcecode.c.objc; path = IXImage.m; sourceTree = "<group>"; };
		1404524720735CF00055BA7B /* IXHookUtility.h */ = {isa = PBXFileReference; fileEncoding = 4; lastKnownFileType = sourcecode.c.h; path = IXHookUtility.h; sourceTree = "<group>"; };
		1404524820735CF00055BA7B /* IXHookUtility.m */ = {isa = PBXFileReference; fileEncoding = 4; lastKnownFileType = sourcecode.c.objc; path = IXHookUtility.m; sourceTree = "<group>"; };
		1404524A207361290055BA7B /* IXDeallocBlockExecutor.h */ = {isa = PBXFileReference; lastKnownFileType = sourcecode.c.h; path = IXDeallocBlockExecutor.h; sourceTree = "<group>"; };
		1404524B207361290055BA7B /* IXDeallocBlockExecutor.m */ = {isa = PBXFileReference; lastKnownFileType = sourcecode.c.objc; path = IXDeallocBlockExecutor.m; sourceTree = "<group>"; };
		1404524D207364220055BA7B /* IXColorHeader.h */ = {isa = PBXFileReference; lastKnownFileType = sourcecode.c.h; path = IXColorHeader.h; sourceTree = "<group>"; };
		1404524E207367560055BA7B /* m_c_usd_sl@3x.png */ = {isa = PBXFileReference; lastKnownFileType = image.png; path = "m_c_usd_sl@3x.png"; sourceTree = "<group>"; };
		1404524F207367570055BA7B /* m_c_usd@2x.png */ = {isa = PBXFileReference; lastKnownFileType = image.png; path = "m_c_usd@2x.png"; sourceTree = "<group>"; };
		14045250207367570055BA7B /* m_c_usd_sl@2x.png */ = {isa = PBXFileReference; lastKnownFileType = image.png; path = "m_c_usd_sl@2x.png"; sourceTree = "<group>"; };
		14045251207367570055BA7B /* m_c_usd@3x.png */ = {isa = PBXFileReference; lastKnownFileType = image.png; path = "m_c_usd@3x.png"; sourceTree = "<group>"; };
		14045256207372A60055BA7B /* UIButton+Color.h */ = {isa = PBXFileReference; lastKnownFileType = sourcecode.c.h; path = "UIButton+Color.h"; sourceTree = "<group>"; };
		14045257207372A60055BA7B /* UIButton+Color.m */ = {isa = PBXFileReference; lastKnownFileType = sourcecode.c.objc; path = "UIButton+Color.m"; sourceTree = "<group>"; };
		1430AE8A2086E67F0012BBC7 /* NextVC.h */ = {isa = PBXFileReference; lastKnownFileType = sourcecode.c.h; path = NextVC.h; sourceTree = "<group>"; };
		1430AE8B2086E67F0012BBC7 /* NextVC.m */ = {isa = PBXFileReference; lastKnownFileType = sourcecode.c.objc; path = NextVC.m; sourceTree = "<group>"; };
		1430AE8D2086E7B70012BBC7 /* PrefixHeader.h */ = {isa = PBXFileReference; lastKnownFileType = sourcecode.c.h; path = PrefixHeader.h; sourceTree = "<group>"; };
		1430AE92208718F70012BBC7 /* CALayer+Color.h */ = {isa = PBXFileReference; lastKnownFileType = sourcecode.c.h; path = "CALayer+Color.h"; sourceTree = "<group>"; };
		1430AE93208718F70012BBC7 /* CALayer+Color.m */ = {isa = PBXFileReference; lastKnownFileType = sourcecode.c.objc; path = "CALayer+Color.m"; sourceTree = "<group>"; };
		1430AE9520871C950012BBC7 /* CAShapeLayer+Color.h */ = {isa = PBXFileReference; lastKnownFileType = sourcecode.c.h; path = "CAShapeLayer+Color.h"; sourceTree = "<group>"; };
		1430AE9620871C950012BBC7 /* CAShapeLayer+Color.m */ = {isa = PBXFileReference; lastKnownFileType = sourcecode.c.objc; path = "CAShapeLayer+Color.m"; sourceTree = "<group>"; };
		1430AE9820871E000012BBC7 /* CAGradientLayer+Color.h */ = {isa = PBXFileReference; lastKnownFileType = sourcecode.c.h; path = "CAGradientLayer+Color.h"; sourceTree = "<group>"; };
		1430AE9920871E000012BBC7 /* CAGradientLayer+Color.m */ = {isa = PBXFileReference; lastKnownFileType = sourcecode.c.objc; path = "CAGradientLayer+Color.m"; sourceTree = "<group>"; };
		1430AE9B20871FF20012BBC7 /* CATextLayer+Color.h */ = {isa = PBXFileReference; lastKnownFileType = sourcecode.c.h; path = "CATextLayer+Color.h"; sourceTree = "<group>"; };
		1430AE9C20871FF20012BBC7 /* CATextLayer+Color.m */ = {isa = PBXFileReference; lastKnownFileType = sourcecode.c.objc; path = "CATextLayer+Color.m"; sourceTree = "<group>"; };
		143A679F208449E30032C3A1 /* UITextField+Color.h */ = {isa = PBXFileReference; lastKnownFileType = sourcecode.c.h; path = "UITextField+Color.h"; sourceTree = "<group>"; };
		143A67A0208449E30032C3A1 /* UITextField+Color.m */ = {isa = PBXFileReference; lastKnownFileType = sourcecode.c.objc; path = "UITextField+Color.m"; sourceTree = "<group>"; };
		143A67A3208477300032C3A1 /* UITextView+Color.h */ = {isa = PBXFileReference; lastKnownFileType = sourcecode.c.h; path = "UITextView+Color.h"; sourceTree = "<group>"; };
		143A67A4208477300032C3A1 /* UITextView+Color.m */ = {isa = PBXFileReference; lastKnownFileType = sourcecode.c.objc; path = "UITextView+Color.m"; sourceTree = "<group>"; };
		143A67A62084779E0032C3A1 /* UISwitch+Color.h */ = {isa = PBXFileReference; lastKnownFileType = sourcecode.c.h; path = "UISwitch+Color.h"; sourceTree = "<group>"; };
		143A67A72084779E0032C3A1 /* UISwitch+Color.m */ = {isa = PBXFileReference; lastKnownFileType = sourcecode.c.objc; path = "UISwitch+Color.m"; sourceTree = "<group>"; };
		143A67A920847CCD0032C3A1 /* UISlider+Color.h */ = {isa = PBXFileReference; lastKnownFileType = sourcecode.c.h; path = "UISlider+Color.h"; sourceTree = "<group>"; };
		143A67AA20847CCD0032C3A1 /* UISlider+Color.m */ = {isa = PBXFileReference; lastKnownFileType = sourcecode.c.objc; path = "UISlider+Color.m"; sourceTree = "<group>"; };
		143A67AC20848B5B0032C3A1 /* UISearchBar+Color.h */ = {isa = PBXFileReference; lastKnownFileType = sourcecode.c.h; path = "UISearchBar+Color.h"; sourceTree = "<group>"; };
		143A67AD20848B5B0032C3A1 /* UISearchBar+Color.m */ = {isa = PBXFileReference; lastKnownFileType = sourcecode.c.objc; path = "UISearchBar+Color.m"; sourceTree = "<group>"; };
		143A67AF2084934A0032C3A1 /* UIToolbar+Color.h */ = {isa = PBXFileReference; lastKnownFileType = sourcecode.c.h; path = "UIToolbar+Color.h"; sourceTree = "<group>"; };
		143A67B02084934A0032C3A1 /* UIToolbar+Color.m */ = {isa = PBXFileReference; lastKnownFileType = sourcecode.c.objc; path = "UIToolbar+Color.m"; sourceTree = "<group>"; };
		143A67B220849A440032C3A1 /* UITabBar+Color.h */ = {isa = PBXFileReference; lastKnownFileType = sourcecode.c.h; path = "UITabBar+Color.h"; sourceTree = "<group>"; };
		143A67B320849A440032C3A1 /* UITabBar+Color.m */ = {isa = PBXFileReference; lastKnownFileType = sourcecode.c.objc; path = "UITabBar+Color.m"; sourceTree = "<group>"; };
		143A67B520849F5A0032C3A1 /* UITabBarItem+Color.h */ = {isa = PBXFileReference; lastKnownFileType = sourcecode.c.h; path = "UITabBarItem+Color.h"; sourceTree = "<group>"; };
		143A67B620849F5A0032C3A1 /* UITabBarItem+Color.m */ = {isa = PBXFileReference; lastKnownFileType = sourcecode.c.objc; path = "UITabBarItem+Color.m"; sourceTree = "<group>"; };
		143A67B820849FDC0032C3A1 /* UIBarItem+Color.h */ = {isa = PBXFileReference; lastKnownFileType = sourcecode.c.h; path = "UIBarItem+Color.h"; sourceTree = "<group>"; };
		143A67B920849FDC0032C3A1 /* UIBarItem+Color.m */ = {isa = PBXFileReference; lastKnownFileType = sourcecode.c.objc; path = "UIBarItem+Color.m"; sourceTree = "<group>"; };
		143A67BB2084A8C40032C3A1 /* UIProgressView+Color.h */ = {isa = PBXFileReference; lastKnownFileType = sourcecode.c.h; path = "UIProgressView+Color.h"; sourceTree = "<group>"; };
		143A67BC2084A8C40032C3A1 /* UIProgressView+Color.m */ = {isa = PBXFileReference; lastKnownFileType = sourcecode.c.objc; path = "UIProgressView+Color.m"; sourceTree = "<group>"; };
		143A67BE2084A8D20032C3A1 /* UIPageControl+Color.h */ = {isa = PBXFileReference; lastKnownFileType = sourcecode.c.h; path = "UIPageControl+Color.h"; sourceTree = "<group>"; };
		143A67BF2084A8D20032C3A1 /* UIPageControl+Color.m */ = {isa = PBXFileReference; lastKnownFileType = sourcecode.c.objc; path = "UIPageControl+Color.m"; sourceTree = "<group>"; };
		143A67C12084A8E50032C3A1 /* UISegmentedControl+Color.h */ = {isa = PBXFileReference; lastKnownFileType = sourcecode.c.h; path = "UISegmentedControl+Color.h"; sourceTree = "<group>"; };
		143A67C22084A8E50032C3A1 /* UISegmentedControl+Color.m */ = {isa = PBXFileReference; lastKnownFileType = sourcecode.c.objc; path = "UISegmentedControl+Color.m"; sourceTree = "<group>"; };
		143A67C42084A9110032C3A1 /* UINavigationBar+Color.h */ = {isa = PBXFileReference; lastKnownFileType = sourcecode.c.h; path = "UINavigationBar+Color.h"; sourceTree = "<group>"; };
		143A67C52084A9110032C3A1 /* UINavigationBar+Color.m */ = {isa = PBXFileReference; lastKnownFileType = sourcecode.c.objc; path = "UINavigationBar+Color.m"; sourceTree = "<group>"; };
		143A67C72084A91E0032C3A1 /* UITableView+Color.h */ = {isa = PBXFileReference; lastKnownFileType = sourcecode.c.h; path = "UITableView+Color.h"; sourceTree = "<group>"; };
		143A67C82084A91E0032C3A1 /* UITableView+Color.m */ = {isa = PBXFileReference; lastKnownFileType = sourcecode.c.objc; path = "UITableView+Color.m"; sourceTree = "<group>"; };
		143A67CA2084A9330032C3A1 /* UIControl+Color.h */ = {isa = PBXFileReference; lastKnownFileType = sourcecode.c.h; path = "UIControl+Color.h"; sourceTree = "<group>"; };
		143A67CB2084A9330032C3A1 /* UIControl+Color.m */ = {isa = PBXFileReference; lastKnownFileType = sourcecode.c.objc; path = "UIControl+Color.m"; sourceTree = "<group>"; };
/* End PBXFileReference section */

/* Begin PBXFrameworksBuildPhase section */
		140452132073166B0055BA7B /* Frameworks */ = {
			isa = PBXFrameworksBuildPhase;
			buildActionMask = 2147483647;
			files = (
			);
			runOnlyForDeploymentPostprocessing = 0;
		};
/* End PBXFrameworksBuildPhase section */

/* Begin PBXGroup section */
		1404520D2073166B0055BA7B = {
			isa = PBXGroup;
			children = (
				140452182073166B0055BA7B /* IXColor */,
				140452172073166B0055BA7B /* Products */,
			);
			sourceTree = "<group>";
		};
		140452172073166B0055BA7B /* Products */ = {
			isa = PBXGroup;
			children = (
				140452162073166B0055BA7B /* IXColor.app */,
			);
			name = Products;
			sourceTree = "<group>";
		};
		140452182073166B0055BA7B /* IXColor */ = {
			isa = PBXGroup;
			children = (
				140452192073166B0055BA7B /* AppDelegate.h */,
				1404521A2073166B0055BA7B /* AppDelegate.m */,
				1404521C2073166B0055BA7B /* ViewController.h */,
				1404521D2073166B0055BA7B /* ViewController.m */,
				1430AE8A2086E67F0012BBC7 /* NextVC.h */,
				1430AE8B2086E67F0012BBC7 /* NextVC.m */,
				1430AE892086E65C0012BBC7 /* resource */,
				1404522F207316730055BA7B /* IXColor */,
				1404521F2073166B0055BA7B /* Main.storyboard */,
				140452222073166B0055BA7B /* Assets.xcassets */,
				140452242073166B0055BA7B /* LaunchScreen.storyboard */,
				140452272073166B0055BA7B /* Info.plist */,
				1430AE8D2086E7B70012BBC7 /* PrefixHeader.h */,
				140452282073166B0055BA7B /* main.m */,
			);
			path = IXColor;
			sourceTree = "<group>";
		};
		1404522F207316730055BA7B /* IXColor */ = {
			isa = PBXGroup;
			children = (
				1404524720735CF00055BA7B /* IXHookUtility.h */,
				1404524820735CF00055BA7B /* IXHookUtility.m */,
				140452302073167E0055BA7B /* Core */,
				14045231207316850055BA7B /* UIKit */,
				1430AE91208718C20012BBC7 /* Quartz */,
			);
			path = IXColor;
			sourceTree = "<group>";
		};
		140452302073167E0055BA7B /* Core */ = {
			isa = PBXGroup;
			children = (
				1404524D207364220055BA7B /* IXColorHeader.h */,
				1404523B207325980055BA7B /* IXColorMgr.h */,
				1404523C207325980055BA7B /* IXColorMgr.m */,
				140452322073169D0055BA7B /* IXColor.h */,
				140452332073169D0055BA7B /* IXColor.m */,
				1404524420732FC40055BA7B /* IXImage.h */,
				1404524520732FC40055BA7B /* IXImage.m */,
				140452382073257B0055BA7B /* NSObject+Color.h */,
				140452392073257B0055BA7B /* NSObject+Color.m */,
				1404524A207361290055BA7B /* IXDeallocBlockExecutor.h */,
				1404524B207361290055BA7B /* IXDeallocBlockExecutor.m */,
			);
			path = Core;
			sourceTree = "<group>";
		};
		14045231207316850055BA7B /* UIKit */ = {
			isa = PBXGroup;
			children = (
				14045235207319AF0055BA7B /* UIView+Color.h */,
				14045236207319AF0055BA7B /* UIView+Color.m */,
				1404523E20732E640055BA7B /* UILabel+Color.h */,
				1404523F20732E640055BA7B /* UILabel+Color.m */,
				1404524120732FAB0055BA7B /* UIImageView+Color.h */,
				1404524220732FAB0055BA7B /* UIImageView+Color.m */,
				14045256207372A60055BA7B /* UIButton+Color.h */,
				14045257207372A60055BA7B /* UIButton+Color.m */,
				143A679F208449E30032C3A1 /* UITextField+Color.h */,
				143A67A0208449E30032C3A1 /* UITextField+Color.m */,
				143A67A3208477300032C3A1 /* UITextView+Color.h */,
				143A67A4208477300032C3A1 /* UITextView+Color.m */,
				143A67A62084779E0032C3A1 /* UISwitch+Color.h */,
				143A67A72084779E0032C3A1 /* UISwitch+Color.m */,
				143A67A920847CCD0032C3A1 /* UISlider+Color.h */,
				143A67AA20847CCD0032C3A1 /* UISlider+Color.m */,
				143A67AC20848B5B0032C3A1 /* UISearchBar+Color.h */,
				143A67AD20848B5B0032C3A1 /* UISearchBar+Color.m */,
				143A67AF2084934A0032C3A1 /* UIToolbar+Color.h */,
				143A67B02084934A0032C3A1 /* UIToolbar+Color.m */,
				143A67B220849A440032C3A1 /* UITabBar+Color.h */,
				143A67B320849A440032C3A1 /* UITabBar+Color.m */,
				143A67B820849FDC0032C3A1 /* UIBarItem+Color.h */,
				143A67B920849FDC0032C3A1 /* UIBarItem+Color.m */,
				143A67B520849F5A0032C3A1 /* UITabBarItem+Color.h */,
				143A67B620849F5A0032C3A1 /* UITabBarItem+Color.m */,
				143A67BB2084A8C40032C3A1 /* UIProgressView+Color.h */,
				143A67BC2084A8C40032C3A1 /* UIProgressView+Color.m */,
				143A67BE2084A8D20032C3A1 /* UIPageControl+Color.h */,
				143A67BF2084A8D20032C3A1 /* UIPageControl+Color.m */,
				143A67C12084A8E50032C3A1 /* UISegmentedControl+Color.h */,
				143A67C22084A8E50032C3A1 /* UISegmentedControl+Color.m */,
				143A67C42084A9110032C3A1 /* UINavigationBar+Color.h */,
				143A67C52084A9110032C3A1 /* UINavigationBar+Color.m */,
				143A67C72084A91E0032C3A1 /* UITableView+Color.h */,
				143A67C82084A91E0032C3A1 /* UITableView+Color.m */,
				143A67CA2084A9330032C3A1 /* UIControl+Color.h */,
				143A67CB2084A9330032C3A1 /* UIControl+Color.m */,
			);
			path = UIKit;
			sourceTree = "<group>";
		};
		1430AE892086E65C0012BBC7 /* resource */ = {
			isa = PBXGroup;
			children = (
				14045250207367570055BA7B /* m_c_usd_sl@2x.png */,
				1404524E207367560055BA7B /* m_c_usd_sl@3x.png */,
				1404524F207367570055BA7B /* m_c_usd@2x.png */,
				14045251207367570055BA7B /* m_c_usd@3x.png */,
			);
			path = resource;
			sourceTree = "<group>";
		};
		1430AE91208718C20012BBC7 /* Quartz */ = {
			isa = PBXGroup;
			children = (
				1430AE92208718F70012BBC7 /* CALayer+Color.h */,
				1430AE93208718F70012BBC7 /* CALayer+Color.m */,
				1430AE9520871C950012BBC7 /* CAShapeLayer+Color.h */,
				1430AE9620871C950012BBC7 /* CAShapeLayer+Color.m */,
				1430AE9820871E000012BBC7 /* CAGradientLayer+Color.h */,
				1430AE9920871E000012BBC7 /* CAGradientLayer+Color.m */,
				1430AE9B20871FF20012BBC7 /* CATextLayer+Color.h */,
				1430AE9C20871FF20012BBC7 /* CATextLayer+Color.m */,
			);
			path = Quartz;
			sourceTree = "<group>";
		};
/* End PBXGroup section */

/* Begin PBXNativeTarget section */
		140452152073166B0055BA7B /* IXColor */ = {
			isa = PBXNativeTarget;
			buildConfigurationList = 1404522C2073166B0055BA7B /* Build configuration list for PBXNativeTarget "IXColor" */;
			buildPhases = (
				140452122073166B0055BA7B /* Sources */,
				140452132073166B0055BA7B /* Frameworks */,
				140452142073166B0055BA7B /* Resources */,
			);
			buildRules = (
			);
			dependencies = (
			);
			name = IXColor;
			productName = IXColor;
			productReference = 140452162073166B0055BA7B /* IXColor.app */;
			productType = "com.apple.product-type.application";
		};
/* End PBXNativeTarget section */

/* Begin PBXProject section */
		1404520E2073166B0055BA7B /* Project object */ = {
			isa = PBXProject;
			attributes = {
				LastUpgradeCheck = 0920;
				ORGANIZATIONNAME = Seven;
				TargetAttributes = {
					140452152073166B0055BA7B = {
						CreatedOnToolsVersion = 9.2;
						ProvisioningStyle = Automatic;
					};
				};
			};
			buildConfigurationList = 140452112073166B0055BA7B /* Build configuration list for PBXProject "IXColor" */;
			compatibilityVersion = "Xcode 8.0";
			developmentRegion = en;
			hasScannedForEncodings = 0;
			knownRegions = (
				en,
				Base,
			);
			mainGroup = 1404520D2073166B0055BA7B;
			productRefGroup = 140452172073166B0055BA7B /* Products */;
			projectDirPath = "";
			projectRoot = "";
			targets = (
				140452152073166B0055BA7B /* IXColor */,
			);
		};
/* End PBXProject section */

/* Begin PBXResourcesBuildPhase section */
		140452142073166B0055BA7B /* Resources */ = {
			isa = PBXResourcesBuildPhase;
			buildActionMask = 2147483647;
			files = (
				140452262073166B0055BA7B /* LaunchScreen.storyboard in Resources */,
				140452232073166B0055BA7B /* Assets.xcassets in Resources */,
				14045254207367570055BA7B /* m_c_usd_sl@2x.png in Resources */,
				14045253207367570055BA7B /* m_c_usd@2x.png in Resources */,
				140452212073166B0055BA7B /* Main.storyboard in Resources */,
				14045255207367570055BA7B /* m_c_usd@3x.png in Resources */,
				14045252207367570055BA7B /* m_c_usd_sl@3x.png in Resources */,
			);
			runOnlyForDeploymentPostprocessing = 0;
		};
/* End PBXResourcesBuildPhase section */

/* Begin PBXSourcesBuildPhase section */
		140452122073166B0055BA7B /* Sources */ = {
			isa = PBXSourcesBuildPhase;
			buildActionMask = 2147483647;
			files = (
				140452342073169D0055BA7B /* IXColor.m in Sources */,
				1430AE94208718F70012BBC7 /* CALayer+Color.m in Sources */,
				143A67BD2084A8C40032C3A1 /* UIProgressView+Color.m in Sources */,
				1404523A2073257B0055BA7B /* NSObject+Color.m in Sources */,
				1430AE9D20871FF20012BBC7 /* CATextLayer+Color.m in Sources */,
				1430AE8C2086E67F0012BBC7 /* NextVC.m in Sources */,
				1404524020732E640055BA7B /* UILabel+Color.m in Sources */,
				143A67C92084A91E0032C3A1 /* UITableView+Color.m in Sources */,
				143A67B12084934A0032C3A1 /* UIToolbar+Color.m in Sources */,
				143A67AB20847CCD0032C3A1 /* UISlider+Color.m in Sources */,
				1404521E2073166B0055BA7B /* ViewController.m in Sources */,
				143A67BA20849FDC0032C3A1 /* UIBarItem+Color.m in Sources */,
				1430AE9A20871E000012BBC7 /* CAGradientLayer+Color.m in Sources */,
				1404524320732FAB0055BA7B /* UIImageView+Color.m in Sources */,
				143A67A82084779E0032C3A1 /* UISwitch+Color.m in Sources */,
				1404523D207325980055BA7B /* IXColorMgr.m in Sources */,
				143A67B720849F5A0032C3A1 /* UITabBarItem+Color.m in Sources */,
				1404524620732FC40055BA7B /* IXImage.m in Sources */,
				140452292073166B0055BA7B /* main.m in Sources */,
				143A67C02084A8D20032C3A1 /* UIPageControl+Color.m in Sources */,
				1404524920735CF00055BA7B /* IXHookUtility.m in Sources */,
				143A67A1208449E30032C3A1 /* UITextField+Color.m in Sources */,
				14045258207372A60055BA7B /* UIButton+Color.m in Sources */,
				1430AE9720871C950012BBC7 /* CAShapeLayer+Color.m in Sources */,
				14045237207319AF0055BA7B /* UIView+Color.m in Sources */,
				143A67C62084A9110032C3A1 /* UINavigationBar+Color.m in Sources */,
				1404524C207361290055BA7B /* IXDeallocBlockExecutor.m in Sources */,
				1404521B2073166B0055BA7B /* AppDelegate.m in Sources */,
				143A67A5208477300032C3A1 /* UITextView+Color.m in Sources */,
				143A67C32084A8E50032C3A1 /* UISegmentedControl+Color.m in Sources */,
				143A67CC2084A9330032C3A1 /* UIControl+Color.m in Sources */,
				143A67AE20848B5B0032C3A1 /* UISearchBar+Color.m in Sources */,
				143A67B420849A440032C3A1 /* UITabBar+Color.m in Sources */,
			);
			runOnlyForDeploymentPostprocessing = 0;
		};
/* End PBXSourcesBuildPhase section */

/* Begin PBXVariantGroup section */
		1404521F2073166B0055BA7B /* Main.storyboard */ = {
			isa = PBXVariantGroup;
			children = (
				140452202073166B0055BA7B /* Base */,
			);
			name = Main.storyboard;
			sourceTree = "<group>";
		};
		140452242073166B0055BA7B /* LaunchScreen.storyboard */ = {
			isa = PBXVariantGroup;
			children = (
				140452252073166B0055BA7B /* Base */,
			);
			name = LaunchScreen.storyboard;
			sourceTree = "<group>";
		};
/* End PBXVariantGroup section */

/* Begin XCBuildConfiguration section */
		1404522A2073166B0055BA7B /* Debug */ = {
			isa = XCBuildConfiguration;
			buildSettings = {
				ALWAYS_SEARCH_USER_PATHS = NO;
				CLANG_ANALYZER_NONNULL = YES;
				CLANG_ANALYZER_NUMBER_OBJECT_CONVERSION = YES_AGGRESSIVE;
				CLANG_CXX_LANGUAGE_STANDARD = "gnu++14";
				CLANG_CXX_LIBRARY = "libc++";
				CLANG_ENABLE_MODULES = YES;
				CLANG_ENABLE_OBJC_ARC = YES;
				CLANG_WARN_BLOCK_CAPTURE_AUTORELEASING = YES;
				CLANG_WARN_BOOL_CONVERSION = YES;
				CLANG_WARN_COMMA = YES;
				CLANG_WARN_CONSTANT_CONVERSION = YES;
				CLANG_WARN_DIRECT_OBJC_ISA_USAGE = YES_ERROR;
				CLANG_WARN_DOCUMENTATION_COMMENTS = YES;
				CLANG_WARN_EMPTY_BODY = YES;
				CLANG_WARN_ENUM_CONVERSION = YES;
				CLANG_WARN_INFINITE_RECURSION = YES;
				CLANG_WARN_INT_CONVERSION = YES;
				CLANG_WARN_NON_LITERAL_NULL_CONVERSION = YES;
				CLANG_WARN_OBJC_LITERAL_CONVERSION = YES;
				CLANG_WARN_OBJC_ROOT_CLASS = YES_ERROR;
				CLANG_WARN_RANGE_LOOP_ANALYSIS = YES;
				CLANG_WARN_STRICT_PROTOTYPES = YES;
				CLANG_WARN_SUSPICIOUS_MOVE = YES;
				CLANG_WARN_UNGUARDED_AVAILABILITY = YES_AGGRESSIVE;
				CLANG_WARN_UNREACHABLE_CODE = YES;
				CLANG_WARN__DUPLICATE_METHOD_MATCH = YES;
				CODE_SIGN_IDENTITY = "iPhone Developer";
				COPY_PHASE_STRIP = NO;
				DEBUG_INFORMATION_FORMAT = dwarf;
				ENABLE_STRICT_OBJC_MSGSEND = YES;
				ENABLE_TESTABILITY = YES;
				GCC_C_LANGUAGE_STANDARD = gnu11;
				GCC_DYNAMIC_NO_PIC = NO;
				GCC_NO_COMMON_BLOCKS = YES;
				GCC_OPTIMIZATION_LEVEL = 0;
				GCC_PREPROCESSOR_DEFINITIONS = (
					"DEBUG=1",
					"$(inherited)",
				);
				GCC_WARN_64_TO_32_BIT_CONVERSION = YES;
				GCC_WARN_ABOUT_RETURN_TYPE = YES_ERROR;
				GCC_WARN_UNDECLARED_SELECTOR = YES;
				GCC_WARN_UNINITIALIZED_AUTOS = YES_AGGRESSIVE;
				GCC_WARN_UNUSED_FUNCTION = YES;
				GCC_WARN_UNUSED_VARIABLE = YES;
				IPHONEOS_DEPLOYMENT_TARGET = 11.2;
				MTL_ENABLE_DEBUG_INFO = YES;
				ONLY_ACTIVE_ARCH = YES;
				SDKROOT = iphoneos;
			};
			name = Debug;
		};
		1404522B2073166B0055BA7B /* Release */ = {
			isa = XCBuildConfiguration;
			buildSettings = {
				ALWAYS_SEARCH_USER_PATHS = NO;
				CLANG_ANALYZER_NONNULL = YES;
				CLANG_ANALYZER_NUMBER_OBJECT_CONVERSION = YES_AGGRESSIVE;
				CLANG_CXX_LANGUAGE_STANDARD = "gnu++14";
				CLANG_CXX_LIBRARY = "libc++";
				CLANG_ENABLE_MODULES = YES;
				CLANG_ENABLE_OBJC_ARC = YES;
				CLANG_WARN_BLOCK_CAPTURE_AUTORELEASING = YES;
				CLANG_WARN_BOOL_CONVERSION = YES;
				CLANG_WARN_COMMA = YES;
				CLANG_WARN_CONSTANT_CONVERSION = YES;
				CLANG_WARN_DIRECT_OBJC_ISA_USAGE = YES_ERROR;
				CLANG_WARN_DOCUMENTATION_COMMENTS = YES;
				CLANG_WARN_EMPTY_BODY = YES;
				CLANG_WARN_ENUM_CONVERSION = YES;
				CLANG_WARN_INFINITE_RECURSION = YES;
				CLANG_WARN_INT_CONVERSION = YES;
				CLANG_WARN_NON_LITERAL_NULL_CONVERSION = YES;
				CLANG_WARN_OBJC_LITERAL_CONVERSION = YES;
				CLANG_WARN_OBJC_ROOT_CLASS = YES_ERROR;
				CLANG_WARN_RANGE_LOOP_ANALYSIS = YES;
				CLANG_WARN_STRICT_PROTOTYPES = YES;
				CLANG_WARN_SUSPICIOUS_MOVE = YES;
				CLANG_WARN_UNGUARDED_AVAILABILITY = YES_AGGRESSIVE;
				CLANG_WARN_UNREACHABLE_CODE = YES;
				CLANG_WARN__DUPLICATE_METHOD_MATCH = YES;
				CODE_SIGN_IDENTITY = "iPhone Developer";
				COPY_PHASE_STRIP = NO;
				DEBUG_INFORMATION_FORMAT = "dwarf-with-dsym";
				ENABLE_NS_ASSERTIONS = NO;
				ENABLE_STRICT_OBJC_MSGSEND = YES;
				GCC_C_LANGUAGE_STANDARD = gnu11;
				GCC_NO_COMMON_BLOCKS = YES;
				GCC_WARN_64_TO_32_BIT_CONVERSION = YES;
				GCC_WARN_ABOUT_RETURN_TYPE = YES_ERROR;
				GCC_WARN_UNDECLARED_SELECTOR = YES;
				GCC_WARN_UNINITIALIZED_AUTOS = YES_AGGRESSIVE;
				GCC_WARN_UNUSED_FUNCTION = YES;
				GCC_WARN_UNUSED_VARIABLE = YES;
				IPHONEOS_DEPLOYMENT_TARGET = 11.2;
				MTL_ENABLE_DEBUG_INFO = NO;
				SDKROOT = iphoneos;
				VALIDATE_PRODUCT = YES;
			};
			name = Release;
		};
		1404522D2073166B0055BA7B /* Debug */ = {
			isa = XCBuildConfiguration;
			buildSettings = {
				ASSETCATALOG_COMPILER_APPICON_NAME = AppIcon;
				CODE_SIGN_STYLE = Automatic;
				GCC_PRECOMPILE_PREFIX_HEADER = YES;
				GCC_PREFIX_HEADER = "$(SRCROOT)/IXColor/PrefixHeader.h";
				INFOPLIST_FILE = IXColor/Info.plist;
				LD_RUNPATH_SEARCH_PATHS = "$(inherited) @executable_path/Frameworks";
				PRODUCT_BUNDLE_IDENTIFIER = Shenzhen.IXColor;
				PRODUCT_NAME = "$(TARGET_NAME)";
				TARGETED_DEVICE_FAMILY = "1,2";
			};
			name = Debug;
		};
		1404522E2073166B0055BA7B /* Release */ = {
			isa = XCBuildConfiguration;
			buildSettings = {
				ASSETCATALOG_COMPILER_APPICON_NAME = AppIcon;
				CODE_SIGN_STYLE = Automatic;
				GCC_PRECOMPILE_PREFIX_HEADER = YES;
				GCC_PREFIX_HEADER = "$(SRCROOT)/IXColor/PrefixHeader.h";
				INFOPLIST_FILE = IXColor/Info.plist;
				LD_RUNPATH_SEARCH_PATHS = "$(inherited) @executable_path/Frameworks";
				PRODUCT_BUNDLE_IDENTIFIER = Shenzhen.IXColor;
				PRODUCT_NAME = "$(TARGET_NAME)";
				TARGETED_DEVICE_FAMILY = "1,2";
			};
			name = Release;
		};
/* End XCBuildConfiguration section */

/* Begin XCConfigurationList section */
		140452112073166B0055BA7B /* Build configuration list for PBXProject "IXColor" */ = {
			isa = XCConfigurationList;
			buildConfigurations = (
				1404522A2073166B0055BA7B /* Debug */,
				1404522B2073166B0055BA7B /* Release */,
			);
			defaultConfigurationIsVisible = 0;
			defaultConfigurationName = Release;
		};
		1404522C2073166B0055BA7B /* Build configuration list for PBXNativeTarget "IXColor" */ = {
			isa = XCConfigurationList;
			buildConfigurations = (
				1404522D2073166B0055BA7B /* Debug */,
				1404522E2073166B0055BA7B /* Release */,
			);
			defaultConfigurationIsVisible = 0;
			defaultConfigurationName = Release;
		};
/* End XCConfigurationList section */
	};
	rootObject = 1404520E2073166B0055BA7B /* Project object */;
}
